{"format_version":"1.0","terraform_version":"1.1.3","planned_values":{"root_module":{"resources":[{"address":"aws_vpc.test-vpc","mode":"managed","type":"aws_vpc","name":"test-vpc","provider_name":"registry.terraform.io/hashicorp/aws","schema_version":1,"values":{"assign_generated_ipv6_cidr_block":null,"cidr_block":"10.0.0.0/16","enable_dns_support":true,"instance_tenancy":"default","ipv4_ipam_pool_id":null,"ipv4_netmask_length":null,"ipv6_ipam_pool_id":null,"ipv6_netmask_length":null,"tags":{"Name":"OIDC-Assume-Terraform"},"tags_all":{"Name":"OIDC-Assume-Terraform"}},"sensitive_values":{"tags":{},"tags_all":{}}}]}},"resource_drift":[{"address":"aws_iam_policy.policy","mode":"managed","type":"aws_iam_policy","name":"policy","provider_name":"registry.terraform.io/hashicorp/aws","change":{"actions":["update"],"before":{"arn":"arn:aws:iam::133666418894:policy/my-sample-policy","description":"My sample policy","id":"arn:aws:iam::133666418894:policy/my-sample-policy","name":"my-sample-policy","name_prefix":null,"path":"/","policy":"{\"Statement\":[{\"Action\":[\"s3:ListAllMyBuckets\"],\"Effect\":\"Allow\",\"Resource\":\"*\"}],\"Version\":\"2012-10-17\"}","policy_id":"ANPAR6HZDWDHNB3427HWN","tags":{},"tags_all":{}},"after":{"arn":"arn:aws:iam::133666418894:policy/my-sample-policy","description":"My sample policy","id":"arn:aws:iam::133666418894:policy/my-sample-policy","name":"my-sample-policy","name_prefix":null,"path":"/","policy":"{\r\n  \"Version\": \"2012-10-17\",\r\n  \"Statement\": [\r\n    {\r\n      \"Action\": [\r\n        \"s3:ListAllMyBuckets\"\r\n      ],\r\n      \"Effect\": \"Allow\",\r\n      \"Resource\": \"*\"\r\n    }\r\n  ]\r\n\r\n}\r\n","policy_id":"ANPAR6HZDWDHNB3427HWN","tags":{},"tags_all":{}},"after_unknown":{},"before_sensitive":{"tags":{},"tags_all":{}},"after_sensitive":{"tags":{},"tags_all":{}}}},{"address":"aws_iam_policy.policy2","mode":"managed","type":"aws_iam_policy","name":"policy2","provider_name":"registry.terraform.io/hashicorp/aws","change":{"actions":["update"],"before":{"arn":"arn:aws:iam::133666418894:policy/another-sample-policy","description":"Another sample policy","id":"arn:aws:iam::133666418894:policy/another-sample-policy","name":"another-sample-policy","name_prefix":null,"path":"/","policy":"{\"Statement\":[{\"Action\":[\"*\"],\"Effect\":\"Deny\",\"Resource\":\"*\"}],\"Version\":\"2012-10-17\"}","policy_id":"ANPAR6HZDWDHLRVBIUEU4","tags":{},"tags_all":{}},"after":{"arn":"arn:aws:iam::133666418894:policy/another-sample-policy","description":"Another sample policy","id":"arn:aws:iam::133666418894:policy/another-sample-policy","name":"another-sample-policy","name_prefix":null,"path":"/","policy":"{\r\n  \"Version\": \"2012-10-17\",\r\n  \"Statement\": [\r\n    {\r\n      \"Action\": [\r\n        \"*\"\r\n      ],\r\n      \"Effect\": \"Deny\",\r\n      \"Resource\": \"*\"\r\n    }\r\n  ]\r\n\r\n}\r\n","policy_id":"ANPAR6HZDWDHLRVBIUEU4","tags":{},"tags_all":{}},"after_unknown":{},"before_sensitive":{"tags":{},"tags_all":{}},"after_sensitive":{"tags":{},"tags_all":{}}}}],"resource_changes":[{"address":"aws_iam_policy.policy","mode":"managed","type":"aws_iam_policy","name":"policy","provider_name":"registry.terraform.io/hashicorp/aws","change":{"actions":["delete"],"before":{"arn":"arn:aws:iam::133666418894:policy/my-sample-policy","description":"My sample policy","id":"arn:aws:iam::133666418894:policy/my-sample-policy","name":"my-sample-policy","name_prefix":null,"path":"/","policy":"{\r\n  \"Version\": \"2012-10-17\",\r\n  \"Statement\": [\r\n    {\r\n      \"Action\": [\r\n        \"s3:ListAllMyBuckets\"\r\n      ],\r\n      \"Effect\": \"Allow\",\r\n      \"Resource\": \"*\"\r\n    }\r\n  ]\r\n\r\n}\r\n","policy_id":"ANPAR6HZDWDHNB3427HWN","tags":{},"tags_all":{}},"after":null,"after_unknown":{},"before_sensitive":{"tags":{},"tags_all":{}},"after_sensitive":false},"action_reason":"delete_because_no_resource_config"},{"address":"aws_iam_policy.policy2","mode":"managed","type":"aws_iam_policy","name":"policy2","provider_name":"registry.terraform.io/hashicorp/aws","change":{"actions":["delete"],"before":{"arn":"arn:aws:iam::133666418894:policy/another-sample-policy","description":"Another sample policy","id":"arn:aws:iam::133666418894:policy/another-sample-policy","name":"another-sample-policy","name_prefix":null,"path":"/","policy":"{\r\n  \"Version\": \"2012-10-17\",\r\n  \"Statement\": [\r\n    {\r\n      \"Action\": [\r\n        \"*\"\r\n      ],\r\n      \"Effect\": \"Deny\",\r\n      \"Resource\": \"*\"\r\n    }\r\n  ]\r\n\r\n}\r\n","policy_id":"ANPAR6HZDWDHLRVBIUEU4","tags":{},"tags_all":{}},"after":null,"after_unknown":{},"before_sensitive":{"tags":{},"tags_all":{}},"after_sensitive":false},"action_reason":"delete_because_no_resource_config"},{"address":"aws_vpc.test-vpc","mode":"managed","type":"aws_vpc","name":"test-vpc","provider_name":"registry.terraform.io/hashicorp/aws","change":{"actions":["create"],"before":null,"after":{"assign_generated_ipv6_cidr_block":null,"cidr_block":"10.0.0.0/16","enable_dns_support":true,"instance_tenancy":"default","ipv4_ipam_pool_id":null,"ipv4_netmask_length":null,"ipv6_ipam_pool_id":null,"ipv6_netmask_length":null,"tags":{"Name":"OIDC-Assume-Terraform"},"tags_all":{"Name":"OIDC-Assume-Terraform"}},"after_unknown":{"arn":true,"default_network_acl_id":true,"default_route_table_id":true,"default_security_group_id":true,"dhcp_options_id":true,"enable_classiclink":true,"enable_classiclink_dns_support":true,"enable_dns_hostnames":true,"id":true,"ipv6_association_id":true,"ipv6_cidr_block":true,"main_route_table_id":true,"owner_id":true,"tags":{},"tags_all":{}},"before_sensitive":false,"after_sensitive":{"tags":{},"tags_all":{}}}}],"prior_state":{"format_version":"1.0","terraform_version":"1.1.3","values":{"root_module":{"resources":[{"address":"aws_iam_policy.policy","mode":"managed","type":"aws_iam_policy","name":"policy","provider_name":"registry.terraform.io/hashicorp/aws","schema_version":0,"values":{"arn":"arn:aws:iam::133666418894:policy/my-sample-policy","description":"My sample policy","id":"arn:aws:iam::133666418894:policy/my-sample-policy","name":"my-sample-policy","name_prefix":null,"path":"/","policy":"{\r\n  \"Version\": \"2012-10-17\",\r\n  \"Statement\": [\r\n    {\r\n      \"Action\": [\r\n        \"s3:ListAllMyBuckets\"\r\n      ],\r\n      \"Effect\": \"Allow\",\r\n      \"Resource\": \"*\"\r\n    }\r\n  ]\r\n\r\n}\r\n","policy_id":"ANPAR6HZDWDHNB3427HWN","tags":{},"tags_all":{}},"sensitive_values":{"tags":{},"tags_all":{}}},{"address":"aws_iam_policy.policy2","mode":"managed","type":"aws_iam_policy","name":"policy2","provider_name":"registry.terraform.io/hashicorp/aws","schema_version":0,"values":{"arn":"arn:aws:iam::133666418894:policy/another-sample-policy","description":"Another sample policy","id":"arn:aws:iam::133666418894:policy/another-sample-policy","name":"another-sample-policy","name_prefix":null,"path":"/","policy":"{\r\n  \"Version\": \"2012-10-17\",\r\n  \"Statement\": [\r\n    {\r\n      \"Action\": [\r\n        \"*\"\r\n      ],\r\n      \"Effect\": \"Deny\",\r\n      \"Resource\": \"*\"\r\n    }\r\n  ]\r\n\r\n}\r\n","policy_id":"ANPAR6HZDWDHLRVBIUEU4","tags":{},"tags_all":{}},"sensitive_values":{"tags":{},"tags_all":{}}}]}}},"configuration":{"provider_config":{"aws":{"name":"aws","expressions":{"assume_role":[{"role_arn":{"constant_value":"arn:aws:iam::133666418894:role/GitHubAction_Identity_Role"}}]}}},"root_module":{"resources":[{"address":"aws_vpc.test-vpc","mode":"managed","type":"aws_vpc","name":"test-vpc","provider_config_key":"aws","expressions":{"cidr_block":{"constant_value":"10.0.0.0/16"},"instance_tenancy":{"constant_value":"default"},"tags":{"constant_value":{"Name":"OIDC-Assume-Terraform"}}},"schema_version":1}]}}}
